
Microsoft Visual Studio Solution File, Format Version 12.00
# Visual Studio Version 17
VisualStudioVersion = 17.9.34622.214
MinimumVisualStudioVersion = 10.0.40219.1
Project("{9A19103F-16F7-4668-BE54-9A1E7A4F7556}") = "HD2_EFDatabase", "HD2_EFDatabase.csproj", "{BB7DD045-FEC4-4F8C-AEB3-ABA048C566C0}"
EndProject
Global
	GlobalSection(SolutionConfigurationPlatforms) = preSolution
		Debug|Any CPU = Debug|Any CPU
		Release|Any CPU = Release|Any CPU
	EndGlobalSection
	GlobalSection(ProjectConfigurationPlatforms) = postSolution
		{BB7DD045-FEC4-4F8C-AEB3-ABA048C566C0}.Debug|Any CPU.ActiveCfg = Debug|Any CPU
		{BB7DD045-FEC4-4F8C-AEB3-ABA048C566C0}.Debug|Any CPU.Build.0 = Debug|Any CPU
		{BB7DD045-FEC4-4F8C-AEB3-ABA048C566C0}.Release|Any CPU.ActiveCfg = Release|Any CPU
		{BB7DD045-FEC4-4F8C-AEB3-ABA048C566C0}.Release|Any CPU.Build.0 = Release|Any CPU
	EndGlobalSection
	GlobalSection(SolutionProperties) = preSolution
		HideSolutionNode = FALSE
	EndGlobalSection
	GlobalSection(ExtensibilityGlobals) = postSolution
		SolutionGuid = {C5128414-AAB4-4897-B174-5A2210BA7618}
	EndGlobalSection
EndGlobal
